{
  "version": 4,
  "terraform_version": "1.16.0",
  "serial": 68,
  "lineage": "3253a035-e76d-e154-0311-b1a7064ea545",
  "outputs": {
    "container_app_name": {
      "value": "ca-nextweb-prod",
      "type": "string"
    },
    "container_app_private_fqdn": {
      "value": "ca-nextweb-prod.bravepebble-af4d32ba.eastus2.azurecontainerapps.io",
      "type": "string"
    },
    "container_apps_environment_name": {
      "value": "cae-nextweb-prod",
      "type": "string"
    },
    "container_registry_login_server": {
      "value": "acrnextwebprod9gcmo1.azurecr.io",
      "type": "string"
    },
    "frontdoor_hostname": {
      "value": "fde-nextweb-prod-9gcmo1-a7fecvcgftgpb9fu.z01.azurefd.net",
      "type": "string"
    },
    "frontdoor_private_link_approval_command": {
      "value": "../scripts/approve-frontdoor-private-link.sh rg-nextweb-prod cae-nextweb-prod",
      "type": "string"
    },
    "resource_group_name": {
      "value": "rg-nextweb-prod",
      "type": "string"
    }
  },
  "resources": [
    {
      "mode": "data",
      "type": "azurerm_client_config",
      "name": "current",
      "provider": "provider[\"registry.terraform.io/hashicorp/azurerm\"]",
      "instances": [
        {
          "schema_version": 0,
          "attributes": {
            "client_id": "04b07795-8ddb-461a-bbee-02f9e1bf7b46",
            "id": "Y2xpZW50Q29uZmlncy9jbGllbnRJZD0wNGIwNzc5NS04ZGRiLTQ2MWEtYmJlZS0wMmY5ZTFiZjdiNDY7b2JqZWN0SWQ9MWI5OTYzYmYtYmYyMS00NGI1LTk5YWEtMGVjZWU1MzgzOTUxO3N1YnNjcmlwdGlvbklkPWRkMDUwMGNhLWM3ZDMtNDJjNi1hMzkxLTkzODljYTBlMjg0ODt0ZW5hbnRJZD0yMmQyOTNmZC1jZDM2LTQyMGYtYWM2Ny1mODBhNjA5M2Y2MTQ=",
            "object_id": "1b9963bf-bf21-44b5-99aa-0ecee5383951",
            "subscription_id": "dd0500ca-c7d3-42c6-a391-9389ca0e2848",
            "tenant_id": "22d293fd-cd36-420f-ac67-f80a6093f614",
            "timeouts": null
          },
          "sensitive_attributes": [],
          "identity_schema_version": 0
        }
      ]
    },
    {
      "mode": "managed",
      "type": "azurerm_application_insights",
      "name": "main",
      "provider": "provider[\"registry.terraform.io/hashicorp/azurerm\"]",
      "instances": [
        {
          "schema_version": 2,
          "attributes": {
            "app_id": "8687ae94-5cb7-42ec-b96f-c2ea1121bd63",
            "application_type": "web",
            "connection_string": "InstrumentationKey=c76a2d56-5523-43de-8e90-e22dea3d0722;IngestionEndpoint=https://eastus2-3.in.applicationinsights.azure.com/;LiveEndpoint=https://eastus2.livediagnostics.monitor.azure.com/;ApplicationId=8687ae94-5cb7-42ec-b96f-c2ea1121bd63",
            "daily_data_cap_in_gb": 100,
            "daily_data_cap_notifications_enabled": true,
            "force_customer_storage_for_profiler": false,
            "id": "/subscriptions/dd0500ca-c7d3-42c6-a391-9389ca0e2848/resourceGroups/rg-nextweb-prod/providers/Microsoft.Insights/components/appi-nextweb-prod",
            "instrumentation_key": "c76a2d56-5523-43de-8e90-e22dea3d0722",
            "internet_ingestion_enabled": true,
            "internet_query_enabled": true,
            "ip_masking_enabled": true,
            "local_authentication_enabled": true,
            "location": "eastus2",
            "name": "appi-nextweb-prod",
            "resource_group_name": "rg-nextweb-prod",
            "retention_in_days": 90,
            "sampling_percentage": 100,
            "tags": {
              "environment": "prod",
              "managed-by": "terraform",
              "project": "nextweb",
              "workload": "nextjs"
            },
            "timeouts": null,
            "workspace_id": "/subscriptions/dd0500ca-c7d3-42c6-a391-9389ca0e2848/resourceGroups/rg-nextweb-prod/providers/Microsoft.OperationalInsights/workspaces/log-nextweb-prod"
          },
          "sensitive_attributes": [
            [
              {
                "type": "get_attr",
                "value": "connection_string"
              }
            ],
            [
              {
                "type": "get_attr",
                "value": "instrumentation_key"
              }
            ]
          ],
          "identity_schema_version": 0,
          "identity": {
            "name": "appi-nextweb-prod",
            "resource_group_name": "rg-nextweb-prod",
            "subscription_id": "dd0500ca-c7d3-42c6-a391-9389ca0e2848"
          },
          "private": "eyJlMmJmYjczMC1lY2FhLTExZTYtOGY4OC0zNDM2M2JjN2M0YzAiOnsiY3JlYXRlIjozNjAwMDAwMDAwMDAwLCJkZWxldGUiOjE4MDAwMDAwMDAwMDAsInJlYWQiOjMwMDAwMDAwMDAwMCwidXBkYXRlIjoxODAwMDAwMDAwMDAwfSwic2NoZW1hX3ZlcnNpb24iOiIyIn0=",
          "dependencies": [
            "azurerm_log_analytics_workspace.main",
            "azurerm_resource_group.main"
          ]
        }
      ]
    },
    {
      "mode": "managed",
      "type": "azurerm_cdn_frontdoor_endpoint",
      "name": "main",
      "provider": "provider[\"registry.terraform.io/hashicorp/azurerm\"]",
      "instances": [
        {
          "schema_version": 0,
          "attributes": {
            "cdn_frontdoor_profile_id": "/subscriptions/dd0500ca-c7d3-42c6-a391-9389ca0e2848/resourceGroups/rg-nextweb-prod/providers/Microsoft.Cdn/profiles/afd-nextweb-prod",
            "enabled": true,
            "host_name": "fde-nextweb-prod-9gcmo1-a7fecvcgftgpb9fu.z01.azurefd.net",
            "id": "/subscriptions/dd0500ca-c7d3-42c6-a391-9389ca0e2848/resourceGroups/rg-nextweb-prod/providers/Microsoft.Cdn/profiles/afd-nextweb-prod/afdEndpoints/fde-nextweb-prod-9gcmo1",
            "name": "fde-nextweb-prod-9gcmo1",
            "tags": {
              "environment": "prod",
              "managed-by": "terraform",
              "project": "nextweb",
              "workload": "nextjs"
            },
            "timeouts": null
          },
          "sensitive_attributes": [],
          "identity_schema_version": 0,
          "private": "eyJlMmJmYjczMC1lY2FhLTExZTYtOGY4OC0zNDM2M2JjN2M0YzAiOnsiY3JlYXRlIjoxNDQwMDAwMDAwMDAwMCwiZGVsZXRlIjoyMTYwMDAwMDAwMDAwMCwicmVhZCI6MzAwMDAwMDAwMDAwLCJ1cGRhdGUiOjE0NDAwMDAwMDAwMDAwfX0=",
          "dependencies": [
            "azurerm_cdn_frontdoor_profile.main",
            "azurerm_resource_group.main",
            "random_string.unique"
          ]
        }
      ]
    },
    {
      "mode": "managed",
      "type": "azurerm_cdn_frontdoor_origin",
      "name": "container_app",
      "provider": "provider[\"registry.terraform.io/hashicorp/azurerm\"]",
      "instances": [
        {
          "schema_version": 1,
          "attributes": {
            "cdn_frontdoor_origin_group_id": "/subscriptions/dd0500ca-c7d3-42c6-a391-9389ca0e2848/resourceGroups/rg-nextweb-prod/providers/Microsoft.Cdn/profiles/afd-nextweb-prod/originGroups/og-nextweb-prod",
            "certificate_name_check_enabled": true,
            "enabled": true,
            "host_name": "ca-nextweb-prod.bravepebble-af4d32ba.eastus2.azurecontainerapps.io",
            "http_port": 80,
            "https_port": 443,
            "id": "/subscriptions/dd0500ca-c7d3-42c6-a391-9389ca0e2848/resourceGroups/rg-nextweb-prod/providers/Microsoft.Cdn/profiles/afd-nextweb-prod/originGroups/og-nextweb-prod/origins/origin-nextweb-prod",
            "name": "origin-nextweb-prod",
            "origin_host_header": "ca-nextweb-prod.bravepebble-af4d32ba.eastus2.azurecontainerapps.io",
            "priority": 1,
            "private_link": [
              {
                "location": "eastus2",
                "private_link_target_id": "/subscriptions/dd0500ca-c7d3-42c6-a391-9389ca0e2848/resourceGroups/rg-nextweb-prod/providers/Microsoft.App/managedEnvironments/cae-nextweb-prod",
                "request_message": "Front Door access to cae-nextweb-prod",
                "target_type": "managedEnvironments"
              }
            ],
            "timeouts": null,
            "weight": 1000
          },
          "sensitive_attributes": [],
          "identity_schema_version": 0,
          "private": "eyJlMmJmYjczMC1lY2FhLTExZTYtOGY4OC0zNDM2M2JjN2M0YzAiOnsiY3JlYXRlIjoxNDQwMDAwMDAwMDAwMCwiZGVsZXRlIjoyMTYwMDAwMDAwMDAwMCwicmVhZCI6MzAwMDAwMDAwMDAwLCJ1cGRhdGUiOjE0NDAwMDAwMDAwMDAwfSwic2NoZW1hX3ZlcnNpb24iOiIxIn0=",
          "dependencies": [
            "azurerm_application_insights.main",
            "azurerm_cdn_frontdoor_origin_group.main",
            "azurerm_cdn_frontdoor_profile.main",
            "azurerm_container_app.main",
            "azurerm_container_app_environment.main",
            "azurerm_container_registry.main",
            "azurerm_key_vault.main",
            "azurerm_log_analytics_workspace.main",
            "azurerm_private_dns_zone.service",
            "azurerm_private_endpoint.acr",
            "azurerm_private_endpoint.key_vault",
            "azurerm_resource_group.main",
            "azurerm_role_assignment.acr_pull",
            "azurerm_role_assignment.key_vault_secrets_user",
            "azurerm_subnet.container_apps",
            "azurerm_subnet.private_endpoints",
            "azurerm_user_assigned_identity.app",
            "azurerm_virtual_network.main",
            "data.azurerm_client_config.current",
            "random_string.unique"
          ]
        }
      ]
    },
    {
      "mode": "managed",
      "type": "azurerm_cdn_frontdoor_origin_group",
      "name": "main",
      "provider": "provider[\"registry.terraform.io/hashicorp/azurerm\"]",
      "instances": [
        {
          "schema_version": 0,
          "attributes": {
            "cdn_frontdoor_profile_id": "/subscriptions/dd0500ca-c7d3-42c6-a391-9389ca0e2848/resourceGroups/rg-nextweb-prod/providers/Microsoft.Cdn/profiles/afd-nextweb-prod",
            "health_probe": [
              {
                "interval_in_seconds": 60,
                "path": "/",
                "protocol": "Https",
                "request_type": "GET"
              }
            ],
            "id": "/subscriptions/dd0500ca-c7d3-42c6-a391-9389ca0e2848/resourceGroups/rg-nextweb-prod/providers/Microsoft.Cdn/profiles/afd-nextweb-prod/originGroups/og-nextweb-prod",
            "load_balancing": [
              {
                "additional_latency_in_milliseconds": 50,
                "sample_size": 4,
                "successful_samples_required": 3
              }
            ],
            "name": "og-nextweb-prod",
            "restore_traffic_time_to_healed_or_new_endpoint_in_minutes": 10,
            "session_affinity_enabled": false,
            "timeouts": null
          },
          "sensitive_attributes": [],
          "identity_schema_version": 0,
          "private": "eyJlMmJmYjczMC1lY2FhLTExZTYtOGY4OC0zNDM2M2JjN2M0YzAiOnsiY3JlYXRlIjoxNDQwMDAwMDAwMDAwMCwiZGVsZXRlIjoyMTYwMDAwMDAwMDAwMCwicmVhZCI6MzAwMDAwMDAwMDAwLCJ1cGRhdGUiOjE0NDAwMDAwMDAwMDAwfX0=",
          "dependencies": [
            "azurerm_cdn_frontdoor_profile.main",
            "azurerm_resource_group.main"
          ]
        }
      ]
    },
    {
      "mode": "managed",
      "type": "azurerm_cdn_frontdoor_profile",
      "name": "main",
      "provider": "provider[\"registry.terraform.io/hashicorp/azurerm\"]",
      "instances": [
        {
          "schema_version": 0,
          "attributes": {
            "id": "/subscriptions/dd0500ca-c7d3-42c6-a391-9389ca0e2848/resourceGroups/rg-nextweb-prod/providers/Microsoft.Cdn/profiles/afd-nextweb-prod",
            "identity": [],
            "log_scrubbing_rule": [],
            "name": "afd-nextweb-prod",
            "resource_group_name": "rg-nextweb-prod",
            "resource_guid": "b0ac0f08-9e60-4155-8a4e-853d3133c99e",
            "response_timeout_seconds": 120,
            "sku_name": "Premium_AzureFrontDoor",
            "tags": {
              "environment": "prod",
              "managed-by": "terraform",
              "project": "nextweb",
              "workload": "nextjs"
            },
            "timeouts": null
          },
          "sensitive_attributes": [],
          "identity_schema_version": 0,
          "private": "eyJlMmJmYjczMC1lY2FhLTExZTYtOGY4OC0zNDM2M2JjN2M0YzAiOnsiY3JlYXRlIjoxNDQwMDAwMDAwMDAwMCwiZGVsZXRlIjoyMTYwMDAwMDAwMDAwMCwicmVhZCI6MzAwMDAwMDAwMDAwLCJ1cGRhdGUiOjE0NDAwMDAwMDAwMDAwfX0=",
          "dependencies": [
            "azurerm_resource_group.main"
          ]
        }
      ]
    },
    {
      "mode": "managed",
      "type": "azurerm_cdn_frontdoor_route",
      "name": "main",
      "provider": "provider[\"registry.terraform.io/hashicorp/azurerm\"]",
      "instances": [
        {
          "schema_version": 0,
          "attributes": {
            "cache": [],
            "cdn_frontdoor_custom_domain_ids": [],
            "cdn_frontdoor_endpoint_id": "/subscriptions/dd0500ca-c7d3-42c6-a391-9389ca0e2848/resourceGroups/rg-nextweb-prod/providers/Microsoft.Cdn/profiles/afd-nextweb-prod/afdEndpoints/fde-nextweb-prod-9gcmo1",
            "cdn_frontdoor_origin_group_id": "/subscriptions/dd0500ca-c7d3-42c6-a391-9389ca0e2848/resourceGroups/rg-nextweb-prod/providers/Microsoft.Cdn/profiles/afd-nextweb-prod/originGroups/og-nextweb-prod",
            "cdn_frontdoor_origin_ids": [
              "/subscriptions/dd0500ca-c7d3-42c6-a391-9389ca0e2848/resourceGroups/rg-nextweb-prod/providers/Microsoft.Cdn/profiles/afd-nextweb-prod/originGroups/og-nextweb-prod/origins/origin-nextweb-prod"
            ],
            "cdn_frontdoor_origin_path": "",
            "cdn_frontdoor_rule_set_ids": [],
            "enabled": true,
            "forwarding_protocol": "HttpsOnly",
            "https_redirect_enabled": true,
            "id": "/subscriptions/dd0500ca-c7d3-42c6-a391-9389ca0e2848/resourceGroups/rg-nextweb-prod/providers/Microsoft.Cdn/profiles/afd-nextweb-prod/afdEndpoints/fde-nextweb-prod-9gcmo1/routes/route-nextweb-prod",
            "link_to_default_domain": true,
            "name": "route-nextweb-prod",
            "patterns_to_match": [
              "/*"
            ],
            "supported_protocols": [
              "Http",
              "Https"
            ],
            "timeouts": null
          },
          "sensitive_attributes": [],
          "identity_schema_version": 0,
          "private": "eyJlMmJmYjczMC1lY2FhLTExZTYtOGY4OC0zNDM2M2JjN2M0YzAiOnsiY3JlYXRlIjoxNDQwMDAwMDAwMDAwMCwiZGVsZXRlIjoyMTYwMDAwMDAwMDAwMCwicmVhZCI6MzAwMDAwMDAwMDAwLCJ1cGRhdGUiOjE0NDAwMDAwMDAwMDAwfX0=",
          "dependencies": [
            "azurerm_application_insights.main",
            "azurerm_cdn_frontdoor_endpoint.main",
            "azurerm_cdn_frontdoor_origin.container_app",
            "azurerm_cdn_frontdoor_origin_group.main",
            "azurerm_cdn_frontdoor_profile.main",
            "azurerm_container_app.main",
            "azurerm_container_app_environment.main",
            "azurerm_container_registry.main",
            "azurerm_key_vault.main",
            "azurerm_log_analytics_workspace.main",
            "azurerm_private_dns_zone.service",
            "azurerm_private_endpoint.acr",
            "azurerm_private_endpoint.key_vault",
            "azurerm_resource_group.main",
            "azurerm_role_assignment.acr_pull",
            "azurerm_role_assignment.key_vault_secrets_user",
            "azurerm_subnet.container_apps",
            "azurerm_subnet.private_endpoints",
            "azurerm_user_assigned_identity.app",
            "azurerm_virtual_network.main",
            "data.azurerm_client_config.current",
            "random_string.unique"
          ]
        }
      ]
    },
    {
      "mode": "managed",
      "type": "azurerm_container_app",
      "name": "main",
      "provider": "provider[\"registry.terraform.io/hashicorp/azurerm\"]",
      "instances": [
        {
          "schema_version": 0,
          "attributes": {
            "container_app_environment_id": "/subscriptions/dd0500ca-c7d3-42c6-a391-9389ca0e2848/resourceGroups/rg-nextweb-prod/providers/Microsoft.App/managedEnvironments/cae-nextweb-prod",
            "custom_domain_verification_id": "4DF8F3CCC3A524208297BB4458C13CE0ED0B6FB878D3F270468257AD79947715",
            "dapr": [],
            "id": "/subscriptions/dd0500ca-c7d3-42c6-a391-9389ca0e2848/resourceGroups/rg-nextweb-prod/providers/Microsoft.App/containerApps/ca-nextweb-prod",
            "identity": [
              {
                "identity_ids": [
                  "/subscriptions/dd0500ca-c7d3-42c6-a391-9389ca0e2848/resourceGroups/rg-nextweb-prod/providers/Microsoft.ManagedIdentity/userAssignedIdentities/id-nextweb-prod-app"
                ],
                "principal_id": "",
                "tenant_id": "",
                "type": "UserAssigned"
              }
            ],
            "ingress": [
              {
                "allow_insecure_connections": false,
                "client_certificate_mode": "",
                "cors": [],
                "custom_domain": [],
                "exposed_port": 0,
                "external_enabled": true,
                "fqdn": "ca-nextweb-prod.bravepebble-af4d32ba.eastus2.azurecontainerapps.io",
                "ip_security_restriction": [],
                "target_port": 8080,
                "traffic_weight": [
                  {
                    "label": "blue",
                    "latest_revision": true,
                    "percentage": 100,
                    "revision_suffix": ""
                  }
                ],
                "transport": "http"
              }
            ],
            "latest_revision_fqdn": "ca-nextweb-prod--bootstrap.bravepebble-af4d32ba.eastus2.azurecontainerapps.io",
            "latest_revision_name": "ca-nextweb-prod--bootstrap",
            "location": "eastus2",
            "max_inactive_revisions": 5,
            "name": "ca-nextweb-prod",
            "outbound_ip_addresses": [
              "20.1.250.250",
              "20.1.251.135",
              "20.1.251.104",
              "20.1.251.2",
              "13.68.118.203",
              "13.68.119.127",
              "52.184.147.35",
              "52.184.147.9",
              "20.94.111.32",
              "20.94.110.46",
              "20.7.131.26",
              "20.7.130.240",
              "20.7.131.54",
              "20.7.131.60",
              "20.7.131.34",
              "20.7.131.59",
              "20.7.131.44",
              "20.7.131.5",
              "20.7.131.39",
              "20.7.131.50",
              "172.200.51.234",
              "172.200.52.27",
              "172.200.51.44",
              "172.200.51.235",
              "172.200.51.243",
              "172.200.51.45",
              "172.200.51.191",
              "172.200.51.242",
              "172.200.52.26",
              "172.200.51.190",
              "4.153.75.54",
              "172.193.97.218",
              "68.220.18.20",
              "172.193.72.214",
              "20.161.102.207",
              "130.213.148.50",
              "68.220.243.198",
              "20.22.147.169",
              "20.122.241.246",
              "20.72.121.157",
              "20.75.24.112",
              "20.36.255.10",
              "20.10.96.162",
              "20.10.77.30",
              "20.22.59.25",
              "20.94.21.158",
              "20.96.95.82",
              "20.80.208.249",
              "20.186.165.206",
              "4.150.106.135",
              "4.153.178.159",
              "20.10.117.247",
              "48.211.244.39",
              "135.18.202.95",
              "20.96.232.164",
              "20.10.115.21",
              "132.196.179.37",
              "132.196.139.222",
              "130.213.159.120",
              "20.22.179.116",
              "20.10.72.153",
              "20.22.71.237",
              "68.220.129.123",
              "20.15.50.90",
              "20.15.50.66",
              "57.162.104.207",
              "48.211.128.73",
              "4.152.32.38",
              "48.211.203.35",
              "57.162.104.208",
              "135.222.147.33",
              "20.72.106.233",
              "4.150.115.104",
              "135.237.230.50",
              "48.204.162.90",
              "172.176.48.208",
              "52.179.229.197",
              "135.18.146.211",
              "52.177.29.129",
              "4.152.45.85",
              "132.196.199.105",
              "52.184.249.176",
              "172.175.160.88",
              "20.85.79.72",
              "57.165.49.155",
              "172.193.112.244",
              "57.162.45.229",
              "48.211.199.212",
              "135.237.231.126",
              "48.204.167.79",
              "20.15.38.216",
              "20.161.158.212",
              "20.10.122.104",
              "172.175.211.41",
              "20.15.53.40",
              "4.153.36.1",
              "135.224.219.190",
              "48.214.0.25",
              "172.193.115.158",
              "132.196.212.198",
              "4.153.231.37",
              "52.251.8.192",
              "130.213.197.208",
              "135.18.143.203",
              "135.18.192.95",
              "130.213.254.40",
              "20.7.235.22",
              "135.237.204.151",
              "52.247.33.54",
              "20.15.17.157",
              "172.175.119.184",
              "132.196.213.1",
              "132.196.188.132",
              "57.166.139.239",
              "57.166.251.219",
              "132.196.144.197",
              "20.161.107.186",
              "20.15.48.196",
              "132.196.212.240",
              "172.193.115.74",
              "130.213.254.44",
              "132.196.199.152",
              "57.162.111.250",
              "52.184.249.177",
              "132.196.174.126",
              "135.18.162.196",
              "68.220.2.101",
              "57.165.91.55",
              "20.161.99.155",
              "57.166.252.6",
              "52.232.209.131",
              "135.224.231.203",
              "135.18.163.226",
              "172.193.66.194",
              "132.196.199.76",
              "48.211.194.4",
              "135.224.163.166",
              "20.15.53.46",
              "135.18.163.191",
              "20.161.99.146",
              "57.162.111.230",
              "135.222.165.45",
              "172.175.210.116",
              "172.175.212.113",
              "48.204.154.11",
              "48.204.153.246",
              "57.165.49.165",
              "135.224.163.235",
              "57.166.252.2",
              "57.165.49.166",
              "4.153.131.161",
              "57.165.49.157",
              "130.213.254.31",
              "52.184.255.121",
              "172.175.119.140",
              "4.152.190.135",
              "20.96.151.63",
              "130.213.197.166",
              "68.220.2.130",
              "135.222.184.142",
              "20.97.130.219",
              "20.69.200.68",
              "20.97.132.38",
              "20.97.133.137",
              "20.94.122.99",
              "20.94.122.65",
              "20.94.122.133",
              "20.94.122.111",
              "20.94.122.70",
              "20.94.122.101",
              "52.167.135.54",
              "52.184.149.238",
              "52.179.250.88",
              "52.184.149.147",
              "52.184.198.180",
              "52.184.138.179",
              "52.179.253.112",
              "52.184.190.79",
              "52.184.141.185",
              "52.184.151.206",
              "4.153.163.131",
              "20.36.242.179",
              "20.36.243.222",
              "20.36.243.227",
              "20.36.243.208",
              "128.85.230.186",
              "4.153.163.156",
              "20.36.242.169",
              "4.153.163.201",
              "20.36.244.19",
              "20.36.244.21",
              "20.36.243.201",
              "128.85.220.176",
              "128.85.212.114",
              "135.18.214.171",
              "20.85.91.213",
              "128.85.239.223",
              "4.153.23.192",
              "4.153.23.210",
              "4.153.23.204",
              "4.153.23.173",
              "68.220.200.37",
              "20.22.76.62",
              "20.22.133.225",
              "20.97.149.136",
              "20.85.54.118",
              "20.22.84.80",
              "20.15.28.155",
              "135.224.218.66",
              "132.196.159.79",
              "172.193.41.130",
              "52.167.25.168",
              "132.196.164.34",
              "20.94.2.95",
              "20.75.97.208",
              "135.224.208.235",
              "20.75.109.7",
              "20.22.64.248",
              "20.62.39.9",
              "20.85.16.209",
              "9.169.239.156",
              "172.193.72.242",
              "172.193.27.147",
              "4.152.228.209",
              "20.36.246.185",
              "135.237.222.217",
              "135.232.58.187",
              "20.15.32.122",
              "4.153.191.17",
              "128.85.223.237",
              "172.193.40.170",
              "20.75.41.180",
              "135.224.210.246",
              "135.224.216.114",
              "135.224.213.140",
              "135.224.185.170",
              "132.196.183.213",
              "172.175.33.61",
              "20.12.101.103",
              "135.18.146.254",
              "20.22.16.179",
              "20.75.127.1",
              "20.75.67.92",
              "20.1.251.122",
              "4.153.151.187",
              "135.224.209.109",
              "20.75.1.111",
              "20.1.226.146",
              "20.7.80.26",
              "20.75.99.67",
              "20.10.90.46",
              "20.75.104.174",
              "40.70.153.121",
              "20.186.184.95",
              "68.220.235.57",
              "52.177.38.207",
              "135.237.215.145",
              "135.224.185.188",
              "128.85.229.133",
              "135.224.250.193",
              "72.153.36.134",
              "20.12.102.108",
              "135.224.185.174",
              "4.153.62.175",
              "48.211.150.180",
              "135.18.168.30",
              "172.193.34.238",
              "4.153.71.55",
              "48.211.203.231",
              "135.222.164.197",
              "135.18.146.169",
              "4.152.79.15",
              "4.150.70.211",
              "9.169.143.186",
              "68.220.24.87",
              "48.214.33.89",
              "172.175.114.132",
              "130.213.179.249",
              "132.196.177.100",
              "135.222.147.221",
              "48.214.33.85",
              "172.193.38.136",
              "9.169.142.73",
              "4.152.41.125",
              "20.75.109.89",
              "172.193.58.160",
              "172.193.28.169",
              "4.153.52.96",
              "48.204.160.140",
              "172.193.38.141",
              "20.15.61.123",
              "128.85.238.121",
              "135.222.147.158",
              "48.214.23.254",
              "128.85.211.88",
              "20.96.143.163",
              "128.85.239.65",
              "128.85.229.189",
              "4.152.3.179",
              "130.213.167.42",
              "48.211.145.157",
              "4.153.48.14",
              "130.213.180.16",
              "130.213.178.236",
              "52.177.235.178",
              "48.211.182.187",
              "172.193.43.183",
              "135.18.168.33",
              "52.167.31.168",
              "135.237.249.114",
              "4.153.156.117",
              "57.162.40.176",
              "4.153.104.192",
              "132.196.155.249",
              "20.36.238.22",
              "20.186.162.108",
              "4.153.31.203",
              "20.22.93.71",
              "20.12.95.82",
              "48.211.145.156",
              "4.152.243.12",
              "48.214.1.31",
              "20.22.182.117",
              "20.22.113.146",
              "20.7.216.130",
              "20.161.150.197",
              "20.10.235.4",
              "20.12.124.68",
              "130.213.252.62",
              "20.1.227.209",
              "135.18.218.130",
              "20.94.103.85",
              "20.85.58.60",
              "20.1.221.138",
              "20.161.177.102",
              "52.138.106.25",
              "130.213.251.223",
              "20.62.36.221",
              "52.138.115.89",
              "20.22.118.145",
              "20.88.119.225",
              "57.166.252.203",
              "52.138.112.244",
              "20.75.60.154",
              "20.161.148.158",
              "57.165.89.165",
              "172.193.52.229",
              "4.153.8.84",
              "20.161.178.164",
              "20.22.113.147",
              "52.242.96.196",
              "4.152.32.229",
              "48.214.3.41",
              "20.22.170.19",
              "20.10.234.83",
              "20.22.43.74",
              "52.138.106.40",
              "20.85.90.84",
              "20.94.14.9",
              "20.161.178.225",
              "20.122.242.74",
              "172.175.161.22",
              "172.193.52.189",
              "20.10.76.255",
              "48.214.69.158",
              "20.96.54.171",
              "20.10.66.176",
              "20.122.232.93",
              "20.65.21.157",
              "48.214.85.92",
              "20.85.118.158",
              "128.85.241.225",
              "48.214.69.70",
              "128.85.246.132",
              "20.97.134.183",
              "20.161.229.142",
              "20.15.77.105",
              "52.167.12.197",
              "20.96.99.137",
              "20.122.227.225",
              "130.213.251.216",
              "48.214.20.105",
              "20.96.97.219",
              "172.193.121.244",
              "20.96.159.130",
              "20.161.147.200",
              "172.175.162.39",
              "20.80.198.70",
              "20.15.84.33",
              "52.177.106.109",
              "20.7.235.60",
              "48.214.2.73",
              "48.204.167.91",
              "57.165.89.94",
              "20.161.176.191",
              "132.196.158.139",
              "128.85.228.227",
              "51.8.134.196",
              "57.165.49.189",
              "20.22.173.68",
              "20.41.54.233"
            ],
            "registry": [
              {
                "identity": "/subscriptions/dd0500ca-c7d3-42c6-a391-9389ca0e2848/resourceGroups/rg-nextweb-prod/providers/Microsoft.ManagedIdentity/userAssignedIdentities/id-nextweb-prod-app",
                "password_secret_name": "",
                "server": "acrnextwebprod9gcmo1.azurecr.io",
                "username": ""
              }
            ],
            "resource_group_name": "rg-nextweb-prod",
            "revision_mode": "Multiple",
            "secret": [],
            "tags": {
              "environment": "prod",
              "managed-by": "terraform",
              "project": "nextweb",
              "workload": "nextjs"
            },
            "template": [
              {
                "azure_queue_scale_rule": [],
                "container": [
                  {
                    "args": [],
                    "command": [],
                    "cpu": 0.5,
                    "env": [
                      {
                        "name": "NODE_ENV",
                        "secret_name": "",
                        "value": "production"
                      },
                      {
                        "name": "PORT",
                        "secret_name": "",
                        "value": "8080"
                      },
                      {
                        "name": "APPLICATIONINSIGHTS_CONNECTION_STRING",
                        "secret_name": "",
                        "value": "InstrumentationKey=c76a2d56-5523-43de-8e90-e22dea3d0722;IngestionEndpoint=https://eastus2-3.in.applicationinsights.azure.com/;LiveEndpoint=https://eastus2.livediagnostics.monitor.azure.com/;ApplicationId=8687ae94-5cb7-42ec-b96f-c2ea1121bd63"
                      }
                    ],
                    "ephemeral_storage": "2Gi",
                    "image": "mcr.microsoft.com/dotnet/samples:aspnetapp",
                    "liveness_probe": [
                      {
                        "failure_count_threshold": 3,
                        "header": [],
                        "host": "",
                        "initial_delay": 1,
                        "interval_seconds": 30,
                        "path": "/",
                        "port": 8080,
                        "timeout": 5,
                        "transport": "HTTP"
                      }
                    ],
                    "memory": "1Gi",
                    "name": "web",
                    "readiness_probe": [
                      {
                        "failure_count_threshold": 3,
                        "header": [],
                        "host": "",
                        "initial_delay": 0,
                        "interval_seconds": 10,
                        "path": "/",
                        "port": 8080,
                        "success_count_threshold": 1,
                        "timeout": 5,
                        "transport": "HTTP"
                      }
                    ],
                    "startup_probe": [
                      {
                        "failure_count_threshold": 30,
                        "header": [],
                        "host": "",
                        "initial_delay": 0,
                        "interval_seconds": 5,
                        "path": "/",
                        "port": 8080,
                        "timeout": 3,
                        "transport": "HTTP"
                      }
                    ],
                    "volume_mounts": []
                  }
                ],
                "cooldown_period_in_seconds": 300,
                "custom_scale_rule": [],
                "http_scale_rule": [
                  {
                    "authentication": [],
                    "concurrent_requests": "50",
                    "name": "http-concurrency"
                  }
                ],
                "init_container": [],
                "max_replicas": 10,
                "min_replicas": 2,
                "polling_interval_in_seconds": 30,
                "revision_suffix": "",
                "tcp_scale_rule": [],
                "termination_grace_period_seconds": 0,
                "volume": []
              }
            ],
            "timeouts": null,
            "workload_profile_name": "Consumption"
          },
          "sensitive_attributes": [
            [
              {
                "type": "get_attr",
                "value": "custom_domain_verification_id"
              }
            ],
            [
              {
                "type": "get_attr",
                "value": "template"
              },
              {
                "type": "index",
                "value": {
                  "value": 0,
                  "type": "number"
                }
              },
              {
                "type": "get_attr",
                "value": "container"
              },
              {
                "type": "index",
                "value": {
                  "value": 0,
                  "type": "number"
                }
              },
              {
                "type": "get_attr",
                "value": "env"
              },
              {
                "type": "index",
                "value": {
                  "value": 2,
                  "type": "number"
                }
              },
              {
                "type": "get_attr",
                "value": "value"
              }
            ]
          ],
          "identity_schema_version": 0,
          "private": "eyJlMmJmYjczMC1lY2FhLTExZTYtOGY4OC0zNDM2M2JjN2M0YzAiOnsiY3JlYXRlIjoxODAwMDAwMDAwMDAwLCJkZWxldGUiOjE4MDAwMDAwMDAwMDAsInJlYWQiOjMwMDAwMDAwMDAwMCwidXBkYXRlIjoxODAwMDAwMDAwMDAwfX0=",
          "dependencies": [
            "azurerm_application_insights.main",
            "azurerm_container_app_environment.main",
            "azurerm_container_registry.main",
            "azurerm_key_vault.main",
            "azurerm_log_analytics_workspace.main",
            "azurerm_private_dns_zone.service",
            "azurerm_private_endpoint.acr",
            "azurerm_private_endpoint.key_vault",
            "azurerm_resource_group.main",
            "azurerm_role_assignment.acr_pull",
            "azurerm_role_assignment.key_vault_secrets_user",
            "azurerm_subnet.container_apps",
            "azurerm_subnet.private_endpoints",
            "azurerm_user_assigned_identity.app",
            "azurerm_virtual_network.main",
            "data.azurerm_client_config.current",
            "random_string.unique"
          ]
        }
      ]
    },
    {
      "mode": "managed",
      "type": "azurerm_container_app_environment",
      "name": "main",
      "provider": "provider[\"registry.terraform.io/hashicorp/azurerm\"]",
      "instances": [
        {
          "schema_version": 0,
          "attributes": {
            "custom_domain_verification_id": "4DF8F3CCC3A524208297BB4458C13CE0ED0B6FB878D3F270468257AD79947715",
            "dapr_application_insights_connection_string": "",
            "default_domain": "bravepebble-af4d32ba.eastus2.azurecontainerapps.io",
            "docker_bridge_cidr": "",
            "id": "/subscriptions/dd0500ca-c7d3-42c6-a391-9389ca0e2848/resourceGroups/rg-nextweb-prod/providers/Microsoft.App/managedEnvironments/cae-nextweb-prod",
            "identity": [],
            "infrastructure_resource_group_name": "rg-nextweb-prod-aca-infra",
            "infrastructure_subnet_id": "/subscriptions/dd0500ca-c7d3-42c6-a391-9389ca0e2848/resourceGroups/rg-nextweb-prod/providers/Microsoft.Network/virtualNetworks/vnet-nextweb-prod/subnets/snet-container-apps",
            "internal_load_balancer_enabled": true,
            "location": "eastus2",
            "log_analytics_workspace_id": "/subscriptions/dd0500ca-c7d3-42c6-a391-9389ca0e2848/resourceGroups/rg-nextweb-prod/providers/Microsoft.OperationalInsights/workspaces/log-nextweb-prod",
            "logs_destination": "log-analytics",
            "mutual_tls_enabled": false,
            "name": "cae-nextweb-prod",
            "platform_reserved_cidr": "",
            "platform_reserved_dns_ip_address": "",
            "public_network_access": "Disabled",
            "resource_group_name": "rg-nextweb-prod",
            "static_ip_address": "10.40.1.75",
            "tags": {
              "environment": "prod",
              "managed-by": "terraform",
              "project": "nextweb",
              "workload": "nextjs"
            },
            "timeouts": null,
            "workload_profile": [
              {
                "maximum_count": 0,
                "minimum_count": 0,
                "name": "Consumption",
                "workload_profile_type": "Consumption"
              }
            ],
            "zone_redundancy_enabled": true
          },
          "sensitive_attributes": [
            [
              {
                "type": "get_attr",
                "value": "dapr_application_insights_connection_string"
              }
            ]
          ],
          "identity_schema_version": 0,
          "private": "eyJlMmJmYjczMC1lY2FhLTExZTYtOGY4OC0zNDM2M2JjN2M0YzAiOnsiY3JlYXRlIjoxODAwMDAwMDAwMDAwLCJkZWxldGUiOjE4MDAwMDAwMDAwMDAsInJlYWQiOjMwMDAwMDAwMDAwMCwidXBkYXRlIjoxODAwMDAwMDAwMDAwfX0=",
          "dependencies": [
            "azurerm_log_analytics_workspace.main",
            "azurerm_resource_group.main",
            "azurerm_subnet.container_apps",
            "azurerm_virtual_network.main"
          ]
        }
      ]
    },
    {
      "mode": "managed",
      "type": "azurerm_container_registry",
      "name": "main",
      "provider": "provider[\"registry.terraform.io/hashicorp/azurerm\"]",
      "instances": [
        {
          "schema_version": 2,
          "attributes": {
            "admin_enabled": false,
            "admin_password": "",
            "admin_username": "",
            "anonymous_pull_enabled": false,
            "azuread_authentication_as_arm_policy_enabled": true,
            "data_endpoint_enabled": true,
            "data_endpoint_host_names": [
              "acrnextwebprod9gcmo1.eastus2.data.azurecr.io"
            ],
            "encryption": [],
            "export_policy_enabled": true,
            "georeplications": [],
            "id": "/subscriptions/dd0500ca-c7d3-42c6-a391-9389ca0e2848/resourceGroups/rg-nextweb-prod/providers/Microsoft.ContainerRegistry/registries/acrnextwebprod9gcmo1",
            "identity": [],
            "location": "eastus2",
            "login_server": "acrnextwebprod9gcmo1.azurecr.io",
            "name": "acrnextwebprod9gcmo1",
            "network_rule_bypass_for_tasks_enabled": false,
            "network_rule_bypass_option": "AzureServices",
            "network_rule_set": [
              {
                "default_action": "Allow",
                "ip_rule": []
              }
            ],
            "public_network_access_enabled": false,
            "quarantine_policy_enabled": false,
            "resource_group_name": "rg-nextweb-prod",
            "retention_policy_in_days": 0,
            "role_assignment_mode": "LegacyRegistryPermissions",
            "sku": "Premium",
            "tags": {
              "environment": "prod",
              "managed-by": "terraform",
              "project": "nextweb",
              "workload": "nextjs"
            },
            "timeouts": null,
            "zone_redundancy_enabled": false
          },
          "sensitive_attributes": [
            [
              {
                "type": "get_attr",
                "value": "admin_password"
              }
            ]
          ],
          "identity_schema_version": 0,
          "private": "eyJlMmJmYjczMC1lY2FhLTExZTYtOGY4OC0zNDM2M2JjN2M0YzAiOnsiY3JlYXRlIjoxODAwMDAwMDAwMDAwLCJkZWxldGUiOjE4MDAwMDAwMDAwMDAsInJlYWQiOjMwMDAwMDAwMDAwMCwidXBkYXRlIjoxODAwMDAwMDAwMDAwfSwic2NoZW1hX3ZlcnNpb24iOiIyIn0=",
          "dependencies": [
            "azurerm_resource_group.main",
            "random_string.unique"
          ]
        }
      ]
    },
    {
      "mode": "managed",
      "type": "azurerm_key_vault",
      "name": "main",
      "provider": "provider[\"registry.terraform.io/hashicorp/azurerm\"]",
      "instances": [
        {
          "schema_version": 2,
          "attributes": {
            "access_policy": [],
            "enabled_for_deployment": false,
            "enabled_for_disk_encryption": false,
            "enabled_for_template_deployment": false,
            "id": "/subscriptions/dd0500ca-c7d3-42c6-a391-9389ca0e2848/resourceGroups/rg-nextweb-prod/providers/Microsoft.KeyVault/vaults/kv-nextweb-9gcmo1",
            "location": "eastus2",
            "name": "kv-nextweb-9gcmo1",
            "network_acls": [
              {
                "bypass": "AzureServices",
                "default_action": "Allow",
                "ip_rules": [],
                "virtual_network_subnet_ids": []
              }
            ],
            "public_network_access_enabled": false,
            "purge_protection_enabled": true,
            "rbac_authorization_enabled": true,
            "resource_group_name": "rg-nextweb-prod",
            "sku_name": "standard",
            "soft_delete_retention_days": 90,
            "tags": {
              "environment": "prod",
              "managed-by": "terraform",
              "project": "nextweb",
              "workload": "nextjs"
            },
            "tenant_id": "22d293fd-cd36-420f-ac67-f80a6093f614",
            "timeouts": null,
            "vault_uri": "https://kv-nextweb-9gcmo1.vault.azure.net/"
          },
          "sensitive_attributes": [],
          "identity_schema_version": 0,
          "identity": {
            "name": "kv-nextweb-9gcmo1",
            "resource_group_name": "rg-nextweb-prod",
            "subscription_id": "dd0500ca-c7d3-42c6-a391-9389ca0e2848"
          },
          "private": "eyJlMmJmYjczMC1lY2FhLTExZTYtOGY4OC0zNDM2M2JjN2M0YzAiOnsiY3JlYXRlIjoxODAwMDAwMDAwMDAwLCJkZWxldGUiOjE4MDAwMDAwMDAwMDAsInJlYWQiOjMwMDAwMDAwMDAwMCwidXBkYXRlIjoxODAwMDAwMDAwMDAwfSwic2NoZW1hX3ZlcnNpb24iOiIyIn0=",
          "dependencies": [
            "azurerm_resource_group.main",
            "data.azurerm_client_config.current",
            "random_string.unique"
          ]
        }
      ]
    },
    {
      "mode": "managed",
      "type": "azurerm_log_analytics_workspace",
      "name": "main",
      "provider": "provider[\"registry.terraform.io/hashicorp/azurerm\"]",
      "instances": [
        {
          "schema_version": 3,
          "attributes": {
            "allow_resource_only_permissions": true,
            "cmk_for_query_forced": false,
            "daily_quota_gb": -1,
            "data_collection_rule_id": "",
            "id": "/subscriptions/dd0500ca-c7d3-42c6-a391-9389ca0e2848/resourceGroups/rg-nextweb-prod/providers/Microsoft.OperationalInsights/workspaces/log-nextweb-prod",
            "identity": [],
            "immediate_data_purge_on_30_days_enabled": false,
            "internet_ingestion_access_type": "Enabled",
            "internet_query_access_type": "Enabled",
            "local_authentication_enabled": true,
            "location": "eastus2",
            "name": "log-nextweb-prod",
            "primary_shared_key": "FdUMMwtkvIRF7pNTWr91RkO5bjnzH34zY2E+Ui2rZ+Io81try+P8dKGEM8iLW+i2hHqIzDGmQLKl+HRJLnc8/g==",
            "reservation_capacity_in_gb_per_day": null,
            "resource_group_name": "rg-nextweb-prod",
            "retention_in_days": 30,
            "secondary_shared_key": "I836U542s+cZRlO8Sd1wfqKVn8L7qtDGCY0hlOJ+bLkY88TsHmMTyFykVdUvfanPydqAjIhupes9DRE0jgtdMg==",
            "sku": "PerGB2018",
            "tags": {
              "environment": "prod",
              "managed-by": "terraform",
              "project": "nextweb",
              "workload": "nextjs"
            },
            "timeouts": null,
            "workspace_id": "c992cfaf-a85a-4d6b-92d1-3fb38311dc12"
          },
          "sensitive_attributes": [
            [
              {
                "type": "get_attr",
                "value": "primary_shared_key"
              }
            ],
            [
              {
                "type": "get_attr",
                "value": "secondary_shared_key"
              }
            ]
          ],
          "identity_schema_version": 0,
          "private": "eyJlMmJmYjczMC1lY2FhLTExZTYtOGY4OC0zNDM2M2JjN2M0YzAiOnsiY3JlYXRlIjoxODAwMDAwMDAwMDAwLCJkZWxldGUiOjE4MDAwMDAwMDAwMDAsInJlYWQiOjMwMDAwMDAwMDAwMCwidXBkYXRlIjoxODAwMDAwMDAwMDAwfSwic2NoZW1hX3ZlcnNpb24iOiIzIn0=",
          "dependencies": [
            "azurerm_resource_group.main"
          ]
        }
      ]
    },
    {
      "mode": "managed",
      "type": "azurerm_monitor_diagnostic_setting",
      "name": "frontdoor",
      "provider": "provider[\"registry.terraform.io/hashicorp/azurerm\"]",
      "instances": [
        {
          "schema_version": 0,
          "attributes": {
            "enabled_log": [
              {
                "category": "FrontDoorAccessLog",
                "category_group": ""
              },
              {
                "category": "FrontDoorHealthProbeLog",
                "category_group": ""
              },
              {
                "category": "FrontDoorWebApplicationFirewallLog",
                "category_group": ""
              }
            ],
            "enabled_metric": [
              {
                "category": "AllMetrics"
              }
            ],
            "eventhub_authorization_rule_id": "",
            "eventhub_name": "",
            "id": "/subscriptions/dd0500ca-c7d3-42c6-a391-9389ca0e2848/resourceGroups/rg-nextweb-prod/providers/Microsoft.Cdn/profiles/afd-nextweb-prod|diag-frontdoor",
            "log_analytics_destination_type": "",
            "log_analytics_workspace_id": "/subscriptions/dd0500ca-c7d3-42c6-a391-9389ca0e2848/resourceGroups/rg-nextweb-prod/providers/Microsoft.OperationalInsights/workspaces/log-nextweb-prod",
            "name": "diag-frontdoor",
            "partner_solution_id": null,
            "storage_account_id": null,
            "target_resource_id": "/subscriptions/dd0500ca-c7d3-42c6-a391-9389ca0e2848/resourceGroups/rg-nextweb-prod/providers/Microsoft.Cdn/profiles/afd-nextweb-prod",
            "timeouts": null
          },
          "sensitive_attributes": [],
          "identity_schema_version": 0,
          "private": "eyJlMmJmYjczMC1lY2FhLTExZTYtOGY4OC0zNDM2M2JjN2M0YzAiOnsiY3JlYXRlIjoxODAwMDAwMDAwMDAwLCJkZWxldGUiOjM2MDAwMDAwMDAwMDAsInJlYWQiOjMwMDAwMDAwMDAwMCwidXBkYXRlIjoxODAwMDAwMDAwMDAwfX0=",
          "dependencies": [
            "azurerm_cdn_frontdoor_profile.main",
            "azurerm_log_analytics_workspace.main",
            "azurerm_resource_group.main"
          ]
        }
      ]
    },
    {
      "mode": "managed",
      "type": "azurerm_network_security_group",
      "name": "private_endpoints",
      "provider": "provider[\"registry.terraform.io/hashicorp/azurerm\"]",
      "instances": [
        {
          "schema_version": 0,
          "attributes": {
            "id": "/subscriptions/dd0500ca-c7d3-42c6-a391-9389ca0e2848/resourceGroups/rg-nextweb-prod/providers/Microsoft.Network/networkSecurityGroups/nsg-nextweb-prod-private-endpoints",
            "location": "eastus2",
            "name": "nsg-nextweb-prod-private-endpoints",
            "resource_group_name": "rg-nextweb-prod",
            "security_rule": [],
            "tags": {
              "environment": "prod",
              "managed-by": "terraform",
              "project": "nextweb",
              "workload": "nextjs"
            },
            "timeouts": null
          },
          "sensitive_attributes": [],
          "identity_schema_version": 0,
          "identity": {
            "name": "nsg-nextweb-prod-private-endpoints",
            "resource_group_name": "rg-nextweb-prod",
            "subscription_id": "dd0500ca-c7d3-42c6-a391-9389ca0e2848"
          },
          "private": "eyJlMmJmYjczMC1lY2FhLTExZTYtOGY4OC0zNDM2M2JjN2M0YzAiOnsiY3JlYXRlIjoxODAwMDAwMDAwMDAwLCJkZWxldGUiOjE4MDAwMDAwMDAwMDAsInJlYWQiOjMwMDAwMDAwMDAwMCwidXBkYXRlIjoxODAwMDAwMDAwMDAwfX0=",
          "dependencies": [
            "azurerm_resource_group.main"
          ]
        }
      ]
    },
    {
      "mode": "managed",
      "type": "azurerm_private_dns_a_record",
      "name": "container_apps_wildcard",
      "provider": "provider[\"registry.terraform.io/hashicorp/azurerm\"]",
      "instances": [
        {
          "schema_version": 0,
          "attributes": {
            "fqdn": "*.bravepebble-af4d32ba.eastus2.azurecontainerapps.io.",
            "id": "/subscriptions/dd0500ca-c7d3-42c6-a391-9389ca0e2848/resourceGroups/rg-nextweb-prod/providers/Microsoft.Network/privateDnsZones/bravepebble-af4d32ba.eastus2.azurecontainerapps.io/A/*",
            "name": "*",
            "private_dns_zone_id": "/subscriptions/dd0500ca-c7d3-42c6-a391-9389ca0e2848/resourceGroups/rg-nextweb-prod/providers/Microsoft.Network/privateDnsZones/bravepebble-af4d32ba.eastus2.azurecontainerapps.io",
            "records": [
              "10.40.1.75"
            ],
            "tags": {
              "environment": "prod",
              "managed-by": "terraform",
              "project": "nextweb",
              "workload": "nextjs"
            },
            "timeouts": null,
            "ttl": 60
          },
          "sensitive_attributes": [],
          "identity_schema_version": 0,
          "identity": {
            "name": "*",
            "private_dns_zone_name": "bravepebble-af4d32ba.eastus2.azurecontainerapps.io",
            "record_type": "A",
            "resource_group_name": "rg-nextweb-prod",
            "subscription_id": "dd0500ca-c7d3-42c6-a391-9389ca0e2848"
          },
          "private": "eyJlMmJmYjczMC1lY2FhLTExZTYtOGY4OC0zNDM2M2JjN2M0YzAiOnsiY3JlYXRlIjoxODAwMDAwMDAwMDAwLCJkZWxldGUiOjE4MDAwMDAwMDAwMDAsInJlYWQiOjMwMDAwMDAwMDAwMCwidXBkYXRlIjoxODAwMDAwMDAwMDAwfX0=",
          "dependencies": [
            "azurerm_container_app_environment.main",
            "azurerm_log_analytics_workspace.main",
            "azurerm_private_dns_zone.container_apps",
            "azurerm_resource_group.main",
            "azurerm_subnet.container_apps",
            "azurerm_virtual_network.main"
          ]
        }
      ]
    },
    {
      "mode": "managed",
      "type": "azurerm_private_dns_zone",
      "name": "container_apps",
      "provider": "provider[\"registry.terraform.io/hashicorp/azurerm\"]",
      "instances": [
        {
          "schema_version": 0,
          "attributes": {
            "id": "/subscriptions/dd0500ca-c7d3-42c6-a391-9389ca0e2848/resourceGroups/rg-nextweb-prod/providers/Microsoft.Network/privateDnsZones/bravepebble-af4d32ba.eastus2.azurecontainerapps.io",
            "max_number_of_record_sets": 25000,
            "max_number_of_virtual_network_links": 1000,
            "max_number_of_virtual_network_links_with_registration": 100,
            "name": "bravepebble-af4d32ba.eastus2.azurecontainerapps.io",
            "number_of_record_sets": 2,
            "resource_group_name": "rg-nextweb-prod",
            "soa_record": [
              {
                "email": "azureprivatedns-host.microsoft.com",
                "expire_time": 2419200,
                "fqdn": "bravepebble-af4d32ba.eastus2.azurecontainerapps.io.",
                "host_name": "azureprivatedns.net",
                "minimum_ttl": 10,
                "refresh_time": 3600,
                "retry_time": 300,
                "serial_number": 1,
                "tags": {},
                "ttl": 3600
              }
            ],
            "tags": {
              "environment": "prod",
              "managed-by": "terraform",
              "project": "nextweb",
              "workload": "nextjs"
            },
            "timeouts": null
          },
          "sensitive_attributes": [],
          "identity_schema_version": 0,
          "identity": {
            "name": "bravepebble-af4d32ba.eastus2.azurecontainerapps.io",
            "resource_group_name": "rg-nextweb-prod",
            "subscription_id": "dd0500ca-c7d3-42c6-a391-9389ca0e2848"
          },
          "private": "eyJlMmJmYjczMC1lY2FhLTExZTYtOGY4OC0zNDM2M2JjN2M0YzAiOnsiY3JlYXRlIjoxODAwMDAwMDAwMDAwLCJkZWxldGUiOjE4MDAwMDAwMDAwMDAsInJlYWQiOjMwMDAwMDAwMDAwMCwidXBkYXRlIjoxODAwMDAwMDAwMDAwfX0=",
          "dependencies": [
            "azurerm_container_app_environment.main",
            "azurerm_log_analytics_workspace.main",
            "azurerm_resource_group.main",
            "azurerm_subnet.container_apps",
            "azurerm_virtual_network.main"
          ]
        }
      ]
    },
    {
      "mode": "managed",
      "type": "azurerm_private_dns_zone",
      "name": "service",
      "provider": "provider[\"registry.terraform.io/hashicorp/azurerm\"]",
      "instances": [
        {
          "index_key": "acr",
          "schema_version": 0,
          "attributes": {
            "id": "/subscriptions/dd0500ca-c7d3-42c6-a391-9389ca0e2848/resourceGroups/rg-nextweb-prod/providers/Microsoft.Network/privateDnsZones/privatelink.azurecr.io",
            "max_number_of_record_sets": 25000,
            "max_number_of_virtual_network_links": 1000,
            "max_number_of_virtual_network_links_with_registration": 100,
            "name": "privatelink.azurecr.io",
            "number_of_record_sets": 3,
            "resource_group_name": "rg-nextweb-prod",
            "soa_record": [
              {
                "email": "azureprivatedns-host.microsoft.com",
                "expire_time": 2419200,
                "fqdn": "privatelink.azurecr.io.",
                "host_name": "azureprivatedns.net",
                "minimum_ttl": 10,
                "refresh_time": 3600,
                "retry_time": 300,
                "serial_number": 1,
                "tags": {},
                "ttl": 3600
              }
            ],
            "tags": {
              "environment": "prod",
              "managed-by": "terraform",
              "project": "nextweb",
              "workload": "nextjs"
            },
            "timeouts": null
          },
          "sensitive_attributes": [],
          "identity_schema_version": 0,
          "identity": {
            "name": "privatelink.azurecr.io",
            "resource_group_name": "rg-nextweb-prod",
            "subscription_id": "dd0500ca-c7d3-42c6-a391-9389ca0e2848"
          },
          "private": "eyJlMmJmYjczMC1lY2FhLTExZTYtOGY4OC0zNDM2M2JjN2M0YzAiOnsiY3JlYXRlIjoxODAwMDAwMDAwMDAwLCJkZWxldGUiOjE4MDAwMDAwMDAwMDAsInJlYWQiOjMwMDAwMDAwMDAwMCwidXBkYXRlIjoxODAwMDAwMDAwMDAwfX0=",
          "dependencies": [
            "azurerm_resource_group.main"
          ]
        },
        {
          "index_key": "keyvault",
          "schema_version": 0,
          "attributes": {
            "id": "/subscriptions/dd0500ca-c7d3-42c6-a391-9389ca0e2848/resourceGroups/rg-nextweb-prod/providers/Microsoft.Network/privateDnsZones/privatelink.vaultcore.azure.net",
            "max_number_of_record_sets": 25000,
            "max_number_of_virtual_network_links": 1000,
            "max_number_of_virtual_network_links_with_registration": 100,
            "name": "privatelink.vaultcore.azure.net",
            "number_of_record_sets": 2,
            "resource_group_name": "rg-nextweb-prod",
            "soa_record": [
              {
                "email": "azureprivatedns-host.microsoft.com",
                "expire_time": 2419200,
                "fqdn": "privatelink.vaultcore.azure.net.",
                "host_name": "azureprivatedns.net",
                "minimum_ttl": 10,
                "refresh_time": 3600,
                "retry_time": 300,
                "serial_number": 1,
                "tags": {},
                "ttl": 3600
              }
            ],
            "tags": {
              "environment": "prod",
              "managed-by": "terraform",
              "project": "nextweb",
              "workload": "nextjs"
            },
            "timeouts": null
          },
          "sensitive_attributes": [],
          "identity_schema_version": 0,
          "identity": {
            "name": "privatelink.vaultcore.azure.net",
            "resource_group_name": "rg-nextweb-prod",
            "subscription_id": "dd0500ca-c7d3-42c6-a391-9389ca0e2848"
          },
          "private": "eyJlMmJmYjczMC1lY2FhLTExZTYtOGY4OC0zNDM2M2JjN2M0YzAiOnsiY3JlYXRlIjoxODAwMDAwMDAwMDAwLCJkZWxldGUiOjE4MDAwMDAwMDAwMDAsInJlYWQiOjMwMDAwMDAwMDAwMCwidXBkYXRlIjoxODAwMDAwMDAwMDAwfX0=",
          "dependencies": [
            "azurerm_resource_group.main"
          ]
        }
      ]
    },
    {
      "mode": "managed",
      "type": "azurerm_private_dns_zone_virtual_network_link",
      "name": "container_apps",
      "provider": "provider[\"registry.terraform.io/hashicorp/azurerm\"]",
      "instances": [
        {
          "schema_version": 0,
          "attributes": {
            "id": "/subscriptions/dd0500ca-c7d3-42c6-a391-9389ca0e2848/resourceGroups/rg-nextweb-prod/providers/Microsoft.Network/privateDnsZones/bravepebble-af4d32ba.eastus2.azurecontainerapps.io/virtualNetworkLinks/link-aca-nextweb-prod",
            "name": "link-aca-nextweb-prod",
            "private_dns_zone_id": "/subscriptions/dd0500ca-c7d3-42c6-a391-9389ca0e2848/resourceGroups/rg-nextweb-prod/providers/Microsoft.Network/privateDnsZones/bravepebble-af4d32ba.eastus2.azurecontainerapps.io",
            "registration_enabled": false,
            "resolution_policy": "",
            "tags": {
              "environment": "prod",
              "managed-by": "terraform",
              "project": "nextweb",
              "workload": "nextjs"
            },
            "timeouts": null,
            "virtual_network_id": "/subscriptions/dd0500ca-c7d3-42c6-a391-9389ca0e2848/resourceGroups/rg-nextweb-prod/providers/Microsoft.Network/virtualNetworks/vnet-nextweb-prod"
          },
          "sensitive_attributes": [],
          "identity_schema_version": 0,
          "identity": {
            "name": "link-aca-nextweb-prod",
            "private_dns_zone_name": "bravepebble-af4d32ba.eastus2.azurecontainerapps.io",
            "resource_group_name": "rg-nextweb-prod",
            "subscription_id": "dd0500ca-c7d3-42c6-a391-9389ca0e2848"
          },
          "private": "eyJlMmJmYjczMC1lY2FhLTExZTYtOGY4OC0zNDM2M2JjN2M0YzAiOnsiY3JlYXRlIjoxODAwMDAwMDAwMDAwLCJkZWxldGUiOjE4MDAwMDAwMDAwMDAsInJlYWQiOjMwMDAwMDAwMDAwMCwidXBkYXRlIjoxODAwMDAwMDAwMDAwfX0=",
          "dependencies": [
            "azurerm_container_app_environment.main",
            "azurerm_log_analytics_workspace.main",
            "azurerm_private_dns_zone.container_apps",
            "azurerm_resource_group.main",
            "azurerm_subnet.container_apps",
            "azurerm_virtual_network.main"
          ]
        }
      ]
    },
    {
      "mode": "managed",
      "type": "azurerm_private_dns_zone_virtual_network_link",
      "name": "service",
      "provider": "provider[\"registry.terraform.io/hashicorp/azurerm\"]",
      "instances": [
        {
          "index_key": "acr",
          "schema_version": 0,
          "attributes": {
            "id": "/subscriptions/dd0500ca-c7d3-42c6-a391-9389ca0e2848/resourceGroups/rg-nextweb-prod/providers/Microsoft.Network/privateDnsZones/privatelink.azurecr.io/virtualNetworkLinks/link-acr-nextweb-prod",
            "name": "link-acr-nextweb-prod",
            "private_dns_zone_id": "/subscriptions/dd0500ca-c7d3-42c6-a391-9389ca0e2848/resourceGroups/rg-nextweb-prod/providers/Microsoft.Network/privateDnsZones/privatelink.azurecr.io",
            "registration_enabled": false,
            "resolution_policy": "Default",
            "tags": {
              "environment": "prod",
              "managed-by": "terraform",
              "project": "nextweb",
              "workload": "nextjs"
            },
            "timeouts": null,
            "virtual_network_id": "/subscriptions/dd0500ca-c7d3-42c6-a391-9389ca0e2848/resourceGroups/rg-nextweb-prod/providers/Microsoft.Network/virtualNetworks/vnet-nextweb-prod"
          },
          "sensitive_attributes": [],
          "identity_schema_version": 0,
          "identity": {
            "name": "link-acr-nextweb-prod",
            "private_dns_zone_name": "privatelink.azurecr.io",
            "resource_group_name": "rg-nextweb-prod",
            "subscription_id": "dd0500ca-c7d3-42c6-a391-9389ca0e2848"
          },
          "private": "eyJlMmJmYjczMC1lY2FhLTExZTYtOGY4OC0zNDM2M2JjN2M0YzAiOnsiY3JlYXRlIjoxODAwMDAwMDAwMDAwLCJkZWxldGUiOjE4MDAwMDAwMDAwMDAsInJlYWQiOjMwMDAwMDAwMDAwMCwidXBkYXRlIjoxODAwMDAwMDAwMDAwfX0=",
          "dependencies": [
            "azurerm_private_dns_zone.service",
            "azurerm_resource_group.main",
            "azurerm_virtual_network.main"
          ]
        },
        {
          "index_key": "keyvault",
          "schema_version": 0,
          "attributes": {
            "id": "/subscriptions/dd0500ca-c7d3-42c6-a391-9389ca0e2848/resourceGroups/rg-nextweb-prod/providers/Microsoft.Network/privateDnsZones/privatelink.vaultcore.azure.net/virtualNetworkLinks/link-keyvault-nextweb-prod",
            "name": "link-keyvault-nextweb-prod",
            "private_dns_zone_id": "/subscriptions/dd0500ca-c7d3-42c6-a391-9389ca0e2848/resourceGroups/rg-nextweb-prod/providers/Microsoft.Network/privateDnsZones/privatelink.vaultcore.azure.net",
            "registration_enabled": false,
            "resolution_policy": "Default",
            "tags": {
              "environment": "prod",
              "managed-by": "terraform",
              "project": "nextweb",
              "workload": "nextjs"
            },
            "timeouts": null,
            "virtual_network_id": "/subscriptions/dd0500ca-c7d3-42c6-a391-9389ca0e2848/resourceGroups/rg-nextweb-prod/providers/Microsoft.Network/virtualNetworks/vnet-nextweb-prod"
          },
          "sensitive_attributes": [],
          "identity_schema_version": 0,
          "identity": {
            "name": "link-keyvault-nextweb-prod",
            "private_dns_zone_name": "privatelink.vaultcore.azure.net",
            "resource_group_name": "rg-nextweb-prod",
            "subscription_id": "dd0500ca-c7d3-42c6-a391-9389ca0e2848"
          },
          "private": "eyJlMmJmYjczMC1lY2FhLTExZTYtOGY4OC0zNDM2M2JjN2M0YzAiOnsiY3JlYXRlIjoxODAwMDAwMDAwMDAwLCJkZWxldGUiOjE4MDAwMDAwMDAwMDAsInJlYWQiOjMwMDAwMDAwMDAwMCwidXBkYXRlIjoxODAwMDAwMDAwMDAwfX0=",
          "dependencies": [
            "azurerm_private_dns_zone.service",
            "azurerm_resource_group.main",
            "azurerm_virtual_network.main"
          ]
        }
      ]
    },
    {
      "mode": "managed",
      "type": "azurerm_private_endpoint",
      "name": "acr",
      "provider": "provider[\"registry.terraform.io/hashicorp/azurerm\"]",
      "instances": [
        {
          "schema_version": 0,
          "attributes": {
            "custom_dns_configs": [],
            "custom_network_interface_name": "",
            "edge_zone": "",
            "id": "/subscriptions/dd0500ca-c7d3-42c6-a391-9389ca0e2848/resourceGroups/rg-nextweb-prod/providers/Microsoft.Network/privateEndpoints/pep-nextweb-prod-acr",
            "ip_configuration": [],
            "location": "eastus2",
            "name": "pep-nextweb-prod-acr",
            "network_interface": [
              {
                "id": "/subscriptions/dd0500ca-c7d3-42c6-a391-9389ca0e2848/resourceGroups/rg-nextweb-prod/providers/Microsoft.Network/networkInterfaces/pep-nextweb-prod-acr.nic.490d2ca9-d8c4-4fc3-929a-cb966d99de8f",
                "name": "pep-nextweb-prod-acr.nic.490d2ca9-d8c4-4fc3-929a-cb966d99de8f"
              }
            ],
            "private_dns_zone_configs": [
              {
                "id": "/subscriptions/dd0500ca-c7d3-42c6-a391-9389ca0e2848/resourceGroups/rg-nextweb-prod/providers/Microsoft.Network/privateEndpoints/pep-nextweb-prod-acr/privateDnsZoneGroups/default/privateDnsZoneConfigs/privatelink.azurecr.io",
                "name": "privatelink.azurecr.io",
                "private_dns_zone_id": "/subscriptions/dd0500ca-c7d3-42c6-a391-9389ca0e2848/resourceGroups/rg-nextweb-prod/providers/Microsoft.Network/privateDnsZones/privatelink.azurecr.io",
                "record_sets": [
                  {
                    "fqdn": "acrnextwebprod9gcmo1.eastus2.data.privatelink.azurecr.io",
                    "ip_addresses": [
                      "10.40.2.4"
                    ],
                    "name": "acrnextwebprod9gcmo1.eastus2.data",
                    "ttl": 10,
                    "type": "A"
                  },
                  {
                    "fqdn": "acrnextwebprod9gcmo1.privatelink.azurecr.io",
                    "ip_addresses": [
                      "10.40.2.5"
                    ],
                    "name": "acrnextwebprod9gcmo1",
                    "ttl": 10,
                    "type": "A"
                  }
                ]
              }
            ],
            "private_dns_zone_group": [
              {
                "id": "/subscriptions/dd0500ca-c7d3-42c6-a391-9389ca0e2848/resourceGroups/rg-nextweb-prod/providers/Microsoft.Network/privateEndpoints/pep-nextweb-prod-acr/privateDnsZoneGroups/default",
                "name": "default",
                "private_dns_zone_ids": [
                  "/subscriptions/dd0500ca-c7d3-42c6-a391-9389ca0e2848/resourceGroups/rg-nextweb-prod/providers/Microsoft.Network/privateDnsZones/privatelink.azurecr.io"
                ]
              }
            ],
            "private_service_connection": [
              {
                "is_manual_connection": false,
                "name": "psc-nextweb-prod-acr",
                "private_connection_resource_alias": "",
                "private_connection_resource_id": "/subscriptions/dd0500ca-c7d3-42c6-a391-9389ca0e2848/resourceGroups/rg-nextweb-prod/providers/Microsoft.ContainerRegistry/registries/acrnextwebprod9gcmo1",
                "private_ip_address": "10.40.2.4",
                "request_message": "",
                "subresource_names": [
                  "registry"
                ]
              }
            ],
            "resource_group_name": "rg-nextweb-prod",
            "subnet_id": "/subscriptions/dd0500ca-c7d3-42c6-a391-9389ca0e2848/resourceGroups/rg-nextweb-prod/providers/Microsoft.Network/virtualNetworks/vnet-nextweb-prod/subnets/snet-private-endpoints",
            "tags": {
              "environment": "prod",
              "managed-by": "terraform",
              "project": "nextweb",
              "workload": "nextjs"
            },
            "timeouts": null
          },
          "sensitive_attributes": [],
          "identity_schema_version": 0,
          "identity": {
            "name": "pep-nextweb-prod-acr",
            "resource_group_name": "rg-nextweb-prod",
            "subscription_id": "dd0500ca-c7d3-42c6-a391-9389ca0e2848"
          },
          "private": "eyJlMmJmYjczMC1lY2FhLTExZTYtOGY4OC0zNDM2M2JjN2M0YzAiOnsiY3JlYXRlIjozNjAwMDAwMDAwMDAwLCJkZWxldGUiOjM2MDAwMDAwMDAwMDAsInJlYWQiOjMwMDAwMDAwMDAwMCwidXBkYXRlIjozNjAwMDAwMDAwMDAwfX0=",
          "dependencies": [
            "azurerm_container_registry.main",
            "azurerm_private_dns_zone.service",
            "azurerm_resource_group.main",
            "azurerm_subnet.private_endpoints",
            "azurerm_virtual_network.main",
            "random_string.unique"
          ]
        }
      ]
    },
    {
      "mode": "managed",
      "type": "azurerm_private_endpoint",
      "name": "key_vault",
      "provider": "provider[\"registry.terraform.io/hashicorp/azurerm\"]",
      "instances": [
        {
          "schema_version": 0,
          "attributes": {
            "custom_dns_configs": [],
            "custom_network_interface_name": "",
            "edge_zone": "",
            "id": "/subscriptions/dd0500ca-c7d3-42c6-a391-9389ca0e2848/resourceGroups/rg-nextweb-prod/providers/Microsoft.Network/privateEndpoints/pep-nextweb-prod-kv",
            "ip_configuration": [],
            "location": "eastus2",
            "name": "pep-nextweb-prod-kv",
            "network_interface": [
              {
                "id": "/subscriptions/dd0500ca-c7d3-42c6-a391-9389ca0e2848/resourceGroups/rg-nextweb-prod/providers/Microsoft.Network/networkInterfaces/pep-nextweb-prod-kv.nic.8f554440-234f-477c-a0f7-8a046df37755",
                "name": "pep-nextweb-prod-kv.nic.8f554440-234f-477c-a0f7-8a046df37755"
              }
            ],
            "private_dns_zone_configs": [
              {
                "id": "/subscriptions/dd0500ca-c7d3-42c6-a391-9389ca0e2848/resourceGroups/rg-nextweb-prod/providers/Microsoft.Network/privateEndpoints/pep-nextweb-prod-kv/privateDnsZoneGroups/default/privateDnsZoneConfigs/privatelink.vaultcore.azure.net",
                "name": "privatelink.vaultcore.azure.net",
                "private_dns_zone_id": "/subscriptions/dd0500ca-c7d3-42c6-a391-9389ca0e2848/resourceGroups/rg-nextweb-prod/providers/Microsoft.Network/privateDnsZones/privatelink.vaultcore.azure.net",
                "record_sets": [
                  {
                    "fqdn": "kv-nextweb-9gcmo1.privatelink.vaultcore.azure.net",
                    "ip_addresses": [
                      "10.40.2.6"
                    ],
                    "name": "kv-nextweb-9gcmo1",
                    "ttl": 10,
                    "type": "A"
                  }
                ]
              }
            ],
            "private_dns_zone_group": [
              {
                "id": "/subscriptions/dd0500ca-c7d3-42c6-a391-9389ca0e2848/resourceGroups/rg-nextweb-prod/providers/Microsoft.Network/privateEndpoints/pep-nextweb-prod-kv/privateDnsZoneGroups/default",
                "name": "default",
                "private_dns_zone_ids": [
                  "/subscriptions/dd0500ca-c7d3-42c6-a391-9389ca0e2848/resourceGroups/rg-nextweb-prod/providers/Microsoft.Network/privateDnsZones/privatelink.vaultcore.azure.net"
                ]
              }
            ],
            "private_service_connection": [
              {
                "is_manual_connection": false,
                "name": "psc-nextweb-prod-kv",
                "private_connection_resource_alias": "",
                "private_connection_resource_id": "/subscriptions/dd0500ca-c7d3-42c6-a391-9389ca0e2848/resourceGroups/rg-nextweb-prod/providers/Microsoft.KeyVault/vaults/kv-nextweb-9gcmo1",
                "private_ip_address": "10.40.2.6",
                "request_message": "",
                "subresource_names": [
                  "vault"
                ]
              }
            ],
            "resource_group_name": "rg-nextweb-prod",
            "subnet_id": "/subscriptions/dd0500ca-c7d3-42c6-a391-9389ca0e2848/resourceGroups/rg-nextweb-prod/providers/Microsoft.Network/virtualNetworks/vnet-nextweb-prod/subnets/snet-private-endpoints",
            "tags": {
              "environment": "prod",
              "managed-by": "terraform",
              "project": "nextweb",
              "workload": "nextjs"
            },
            "timeouts": null
          },
          "sensitive_attributes": [],
          "identity_schema_version": 0,
          "identity": {
            "name": "pep-nextweb-prod-kv",
            "resource_group_name": "rg-nextweb-prod",
            "subscription_id": "dd0500ca-c7d3-42c6-a391-9389ca0e2848"
          },
          "private": "eyJlMmJmYjczMC1lY2FhLTExZTYtOGY4OC0zNDM2M2JjN2M0YzAiOnsiY3JlYXRlIjozNjAwMDAwMDAwMDAwLCJkZWxldGUiOjM2MDAwMDAwMDAwMDAsInJlYWQiOjMwMDAwMDAwMDAwMCwidXBkYXRlIjozNjAwMDAwMDAwMDAwfX0=",
          "dependencies": [
            "azurerm_key_vault.main",
            "azurerm_private_dns_zone.service",
            "azurerm_resource_group.main",
            "azurerm_subnet.private_endpoints",
            "azurerm_virtual_network.main",
            "data.azurerm_client_config.current",
            "random_string.unique"
          ]
        }
      ]
    },
    {
      "mode": "managed",
      "type": "azurerm_resource_group",
      "name": "main",
      "provider": "provider[\"registry.terraform.io/hashicorp/azurerm\"]",
      "instances": [
        {
          "schema_version": 0,
          "attributes": {
            "id": "/subscriptions/dd0500ca-c7d3-42c6-a391-9389ca0e2848/resourceGroups/rg-nextweb-prod",
            "location": "eastus2",
            "managed_by": "",
            "name": "rg-nextweb-prod",
            "tags": {
              "environment": "prod",
              "managed-by": "terraform",
              "project": "nextweb",
              "workload": "nextjs"
            },
            "timeouts": null
          },
          "sensitive_attributes": [],
          "identity_schema_version": 0,
          "identity": {
            "name": "rg-nextweb-prod",
            "subscription_id": "dd0500ca-c7d3-42c6-a391-9389ca0e2848"
          },
          "private": "eyJlMmJmYjczMC1lY2FhLTExZTYtOGY4OC0zNDM2M2JjN2M0YzAiOnsiY3JlYXRlIjo1NDAwMDAwMDAwMDAwLCJkZWxldGUiOjU0MDAwMDAwMDAwMDAsInJlYWQiOjMwMDAwMDAwMDAwMCwidXBkYXRlIjo1NDAwMDAwMDAwMDAwfX0="
        }
      ]
    },
    {
      "mode": "managed",
      "type": "azurerm_role_assignment",
      "name": "acr_pull",
      "provider": "provider[\"registry.terraform.io/hashicorp/azurerm\"]",
      "instances": [
        {
          "schema_version": 0,
          "attributes": {
            "condition": "",
            "condition_version": "",
            "delegated_managed_identity_resource_id": "",
            "description": "",
            "id": "/subscriptions/dd0500ca-c7d3-42c6-a391-9389ca0e2848/resourceGroups/rg-nextweb-prod/providers/Microsoft.ContainerRegistry/registries/acrnextwebprod9gcmo1/providers/Microsoft.Authorization/roleAssignments/9b7aaa82-1d68-04f6-c503-279429eeadc6",
            "name": "9b7aaa82-1d68-04f6-c503-279429eeadc6",
            "principal_id": "497a8014-b904-44c7-a6b8-9335a1aaf80c",
            "principal_type": "ServicePrincipal",
            "role_definition_id": "/subscriptions/dd0500ca-c7d3-42c6-a391-9389ca0e2848/providers/Microsoft.Authorization/roleDefinitions/7f951dda-4ed3-4680-a7ca-43fe172d538d",
            "role_definition_name": "AcrPull",
            "scope": "/subscriptions/dd0500ca-c7d3-42c6-a391-9389ca0e2848/resourceGroups/rg-nextweb-prod/providers/Microsoft.ContainerRegistry/registries/acrnextwebprod9gcmo1",
            "skip_service_principal_aad_check": null,
            "timeouts": null
          },
          "sensitive_attributes": [],
          "identity_schema_version": 0,
          "private": "eyJlMmJmYjczMC1lY2FhLTExZTYtOGY4OC0zNDM2M2JjN2M0YzAiOnsiY3JlYXRlIjoxODAwMDAwMDAwMDAwLCJkZWxldGUiOjE4MDAwMDAwMDAwMDAsInJlYWQiOjMwMDAwMDAwMDAwMCwidXBkYXRlIjoxODAwMDAwMDAwMDAwfX0=",
          "dependencies": [
            "azurerm_container_registry.main",
            "azurerm_resource_group.main",
            "azurerm_user_assigned_identity.app",
            "random_string.unique"
          ]
        }
      ]
    },
    {
      "mode": "managed",
      "type": "azurerm_role_assignment",
      "name": "key_vault_secrets_user",
      "provider": "provider[\"registry.terraform.io/hashicorp/azurerm\"]",
      "instances": [
        {
          "schema_version": 0,
          "attributes": {
            "condition": "",
            "condition_version": "",
            "delegated_managed_identity_resource_id": "",
            "description": "",
            "id": "/subscriptions/dd0500ca-c7d3-42c6-a391-9389ca0e2848/resourceGroups/rg-nextweb-prod/providers/Microsoft.KeyVault/vaults/kv-nextweb-9gcmo1/providers/Microsoft.Authorization/roleAssignments/4e0a5dee-7b20-b3be-588b-8e148a3acbd7",
            "name": "4e0a5dee-7b20-b3be-588b-8e148a3acbd7",
            "principal_id": "497a8014-b904-44c7-a6b8-9335a1aaf80c",
            "principal_type": "ServicePrincipal",
            "role_definition_id": "/subscriptions/dd0500ca-c7d3-42c6-a391-9389ca0e2848/providers/Microsoft.Authorization/roleDefinitions/4633458b-17de-408a-b874-0445c86b69e6",
            "role_definition_name": "Key Vault Secrets User",
            "scope": "/subscriptions/dd0500ca-c7d3-42c6-a391-9389ca0e2848/resourceGroups/rg-nextweb-prod/providers/Microsoft.KeyVault/vaults/kv-nextweb-9gcmo1",
            "skip_service_principal_aad_check": null,
            "timeouts": null
          },
          "sensitive_attributes": [],
          "identity_schema_version": 0,
          "private": "eyJlMmJmYjczMC1lY2FhLTExZTYtOGY4OC0zNDM2M2JjN2M0YzAiOnsiY3JlYXRlIjoxODAwMDAwMDAwMDAwLCJkZWxldGUiOjE4MDAwMDAwMDAwMDAsInJlYWQiOjMwMDAwMDAwMDAwMCwidXBkYXRlIjoxODAwMDAwMDAwMDAwfX0=",
          "dependencies": [
            "azurerm_key_vault.main",
            "azurerm_resource_group.main",
            "azurerm_user_assigned_identity.app",
            "data.azurerm_client_config.current",
            "random_string.unique"
          ]
        }
      ]
    },
    {
      "mode": "managed",
      "type": "azurerm_subnet",
      "name": "container_apps",
      "provider": "provider[\"registry.terraform.io/hashicorp/azurerm\"]",
      "instances": [
        {
          "schema_version": 0,
          "attributes": {
            "address_prefixes": [
              "10.40.0.0/23"
            ],
            "default_outbound_access_enabled": true,
            "delegation": [
              {
                "name": "Microsoft.App-environments",
                "service_delegation": [
                  {
                    "actions": [
                      "Microsoft.Network/virtualNetworks/subnets/join/action"
                    ],
                    "name": "Microsoft.App/environments"
                  }
                ]
              }
            ],
            "id": "/subscriptions/dd0500ca-c7d3-42c6-a391-9389ca0e2848/resourceGroups/rg-nextweb-prod/providers/Microsoft.Network/virtualNetworks/vnet-nextweb-prod/subnets/snet-container-apps",
            "ip_address_pool": [],
            "name": "snet-container-apps",
            "network_security_group_id": "",
            "network_security_group_id_wo": null,
            "network_security_group_id_wo_version": 0,
            "private_endpoint_network_policies": "Disabled",
            "private_link_service_network_policies_enabled": true,
            "resource_group_name": "rg-nextweb-prod",
            "route_table_id": "",
            "route_table_id_wo": null,
            "route_table_id_wo_version": 0,
            "service_endpoint": [],
            "service_endpoint_policy_ids": [],
            "sharing_scope": "",
            "timeouts": null,
            "virtual_network_name": "vnet-nextweb-prod"
          },
          "sensitive_attributes": [],
          "identity_schema_version": 0,
          "identity": {
            "name": "snet-container-apps",
            "resource_group_name": "rg-nextweb-prod",
            "subscription_id": "dd0500ca-c7d3-42c6-a391-9389ca0e2848",
            "virtual_network_name": "vnet-nextweb-prod"
          },
          "private": "eyJlMmJmYjczMC1lY2FhLTExZTYtOGY4OC0zNDM2M2JjN2M0YzAiOnsiY3JlYXRlIjoxODAwMDAwMDAwMDAwLCJkZWxldGUiOjE4MDAwMDAwMDAwMDAsInJlYWQiOjMwMDAwMDAwMDAwMCwidXBkYXRlIjoxODAwMDAwMDAwMDAwfX0=",
          "dependencies": [
            "azurerm_resource_group.main",
            "azurerm_virtual_network.main"
          ]
        }
      ]
    },
    {
      "mode": "managed",
      "type": "azurerm_subnet",
      "name": "private_endpoints",
      "provider": "provider[\"registry.terraform.io/hashicorp/azurerm\"]",
      "instances": [
        {
          "schema_version": 0,
          "attributes": {
            "address_prefixes": [
              "10.40.2.0/27"
            ],
            "default_outbound_access_enabled": true,
            "delegation": [],
            "id": "/subscriptions/dd0500ca-c7d3-42c6-a391-9389ca0e2848/resourceGroups/rg-nextweb-prod/providers/Microsoft.Network/virtualNetworks/vnet-nextweb-prod/subnets/snet-private-endpoints",
            "ip_address_pool": [],
            "name": "snet-private-endpoints",
            "network_security_group_id": "/subscriptions/dd0500ca-c7d3-42c6-a391-9389ca0e2848/resourceGroups/rg-nextweb-prod/providers/Microsoft.Network/networkSecurityGroups/nsg-nextweb-prod-private-endpoints",
            "network_security_group_id_wo": null,
            "network_security_group_id_wo_version": 0,
            "private_endpoint_network_policies": "Disabled",
            "private_link_service_network_policies_enabled": true,
            "resource_group_name": "rg-nextweb-prod",
            "route_table_id": "",
            "route_table_id_wo": null,
            "route_table_id_wo_version": 0,
            "service_endpoint": [],
            "service_endpoint_policy_ids": [],
            "sharing_scope": "",
            "timeouts": null,
            "virtual_network_name": "vnet-nextweb-prod"
          },
          "sensitive_attributes": [],
          "identity_schema_version": 0,
          "identity": {
            "name": "snet-private-endpoints",
            "resource_group_name": "rg-nextweb-prod",
            "subscription_id": "dd0500ca-c7d3-42c6-a391-9389ca0e2848",
            "virtual_network_name": "vnet-nextweb-prod"
          },
          "private": "eyJlMmJmYjczMC1lY2FhLTExZTYtOGY4OC0zNDM2M2JjN2M0YzAiOnsiY3JlYXRlIjoxODAwMDAwMDAwMDAwLCJkZWxldGUiOjE4MDAwMDAwMDAwMDAsInJlYWQiOjMwMDAwMDAwMDAwMCwidXBkYXRlIjoxODAwMDAwMDAwMDAwfX0=",
          "dependencies": [
            "azurerm_resource_group.main",
            "azurerm_virtual_network.main"
          ]
        }
      ]
    },
    {
      "mode": "managed",
      "type": "azurerm_subnet_network_security_group_association",
      "name": "private_endpoints",
      "provider": "provider[\"registry.terraform.io/hashicorp/azurerm\"]",
      "instances": [
        {
          "schema_version": 0,
          "attributes": {
            "id": "/subscriptions/dd0500ca-c7d3-42c6-a391-9389ca0e2848/resourceGroups/rg-nextweb-prod/providers/Microsoft.Network/virtualNetworks/vnet-nextweb-prod/subnets/snet-private-endpoints",
            "network_security_group_id": "/subscriptions/dd0500ca-c7d3-42c6-a391-9389ca0e2848/resourceGroups/rg-nextweb-prod/providers/Microsoft.Network/networkSecurityGroups/nsg-nextweb-prod-private-endpoints",
            "subnet_id": "/subscriptions/dd0500ca-c7d3-42c6-a391-9389ca0e2848/resourceGroups/rg-nextweb-prod/providers/Microsoft.Network/virtualNetworks/vnet-nextweb-prod/subnets/snet-private-endpoints",
            "timeouts": null
          },
          "sensitive_attributes": [],
          "identity_schema_version": 0,
          "private": "eyJlMmJmYjczMC1lY2FhLTExZTYtOGY4OC0zNDM2M2JjN2M0YzAiOnsiY3JlYXRlIjoxODAwMDAwMDAwMDAwLCJkZWxldGUiOjE4MDAwMDAwMDAwMDAsInJlYWQiOjMwMDAwMDAwMDAwMH19",
          "dependencies": [
            "azurerm_network_security_group.private_endpoints",
            "azurerm_resource_group.main",
            "azurerm_subnet.private_endpoints",
            "azurerm_virtual_network.main"
          ]
        }
      ]
    },
    {
      "mode": "managed",
      "type": "azurerm_user_assigned_identity",
      "name": "app",
      "provider": "provider[\"registry.terraform.io/hashicorp/azurerm\"]",
      "instances": [
        {
          "schema_version": 1,
          "attributes": {
            "client_id": "49f24903-1189-412c-b8b3-2c90e2cd8e5d",
            "id": "/subscriptions/dd0500ca-c7d3-42c6-a391-9389ca0e2848/resourceGroups/rg-nextweb-prod/providers/Microsoft.ManagedIdentity/userAssignedIdentities/id-nextweb-prod-app",
            "isolation_scope": "",
            "location": "eastus2",
            "name": "id-nextweb-prod-app",
            "principal_id": "497a8014-b904-44c7-a6b8-9335a1aaf80c",
            "resource_group_name": "rg-nextweb-prod",
            "tags": {
              "environment": "prod",
              "managed-by": "terraform",
              "project": "nextweb",
              "workload": "nextjs"
            },
            "tenant_id": "22d293fd-cd36-420f-ac67-f80a6093f614",
            "timeouts": null
          },
          "sensitive_attributes": [],
          "identity_schema_version": 0,
          "identity": {
            "name": "id-nextweb-prod-app",
            "resource_group_name": "rg-nextweb-prod",
            "subscription_id": "dd0500ca-c7d3-42c6-a391-9389ca0e2848"
          },
          "private": "eyJlMmJmYjczMC1lY2FhLTExZTYtOGY4OC0zNDM2M2JjN2M0YzAiOnsiY3JlYXRlIjoxODAwMDAwMDAwMDAwLCJkZWxldGUiOjE4MDAwMDAwMDAwMDAsInJlYWQiOjMwMDAwMDAwMDAwMCwidXBkYXRlIjoxODAwMDAwMDAwMDAwfSwic2NoZW1hX3ZlcnNpb24iOiIxIn0=",
          "dependencies": [
            "azurerm_resource_group.main"
          ]
        }
      ]
    },
    {
      "mode": "managed",
      "type": "azurerm_virtual_network",
      "name": "main",
      "provider": "provider[\"registry.terraform.io/hashicorp/azurerm\"]",
      "instances": [
        {
          "schema_version": 0,
          "attributes": {
            "address_space": [
              "10.40.0.0/16"
            ],
            "bgp_community": "",
            "ddos_protection_plan": [],
            "dns_servers": [],
            "edge_zone": "",
            "encryption": [],
            "flow_timeout_in_minutes": 0,
            "guid": "63926647-f732-42a5-82c8-3e5e7685cb7d",
            "id": "/subscriptions/dd0500ca-c7d3-42c6-a391-9389ca0e2848/resourceGroups/rg-nextweb-prod/providers/Microsoft.Network/virtualNetworks/vnet-nextweb-prod",
            "ip_address_pool": [],
            "location": "eastus2",
            "name": "vnet-nextweb-prod",
            "private_endpoint_vnet_policies": "Disabled",
            "resource_group_name": "rg-nextweb-prod",
            "subnet": [
              {
                "address_prefixes": [
                  "10.40.0.0/23"
                ],
                "default_outbound_access_enabled": true,
                "delegation": [
                  {
                    "name": "Microsoft.App-environments",
                    "service_delegation": [
                      {
                        "actions": [
                          "Microsoft.Network/virtualNetworks/subnets/join/action"
                        ],
                        "name": "Microsoft.App/environments"
                      }
                    ]
                  }
                ],
                "id": "/subscriptions/dd0500ca-c7d3-42c6-a391-9389ca0e2848/resourceGroups/rg-nextweb-prod/providers/Microsoft.Network/virtualNetworks/vnet-nextweb-prod/subnets/snet-container-apps",
                "name": "snet-container-apps",
                "private_endpoint_network_policies": "Disabled",
                "private_link_service_network_policies_enabled": true,
                "route_table_id": "",
                "security_group": "",
                "service_endpoint": [],
                "service_endpoint_policy_ids": []
              },
              {
                "address_prefixes": [
                  "10.40.2.0/27"
                ],
                "default_outbound_access_enabled": true,
                "delegation": [],
                "id": "/subscriptions/dd0500ca-c7d3-42c6-a391-9389ca0e2848/resourceGroups/rg-nextweb-prod/providers/Microsoft.Network/virtualNetworks/vnet-nextweb-prod/subnets/snet-private-endpoints",
                "name": "snet-private-endpoints",
                "private_endpoint_network_policies": "Disabled",
                "private_link_service_network_policies_enabled": true,
                "route_table_id": "",
                "security_group": "/subscriptions/dd0500ca-c7d3-42c6-a391-9389ca0e2848/resourceGroups/rg-nextweb-prod/providers/Microsoft.Network/networkSecurityGroups/nsg-nextweb-prod-private-endpoints",
                "service_endpoint": [],
                "service_endpoint_policy_ids": []
              }
            ],
            "tags": {
              "environment": "prod",
              "managed-by": "terraform",
              "project": "nextweb",
              "workload": "nextjs"
            },
            "timeouts": null
          },
          "sensitive_attributes": [],
          "identity_schema_version": 0,
          "identity": {
            "name": "vnet-nextweb-prod",
            "resource_group_name": "rg-nextweb-prod",
            "subscription_id": "dd0500ca-c7d3-42c6-a391-9389ca0e2848"
          },
          "private": "eyJlMmJmYjczMC1lY2FhLTExZTYtOGY4OC0zNDM2M2JjN2M0YzAiOnsiY3JlYXRlIjoxODAwMDAwMDAwMDAwLCJkZWxldGUiOjE4MDAwMDAwMDAwMDAsInJlYWQiOjMwMDAwMDAwMDAwMCwidXBkYXRlIjoxODAwMDAwMDAwMDAwfX0=",
          "dependencies": [
            "azurerm_resource_group.main"
          ]
        }
      ]
    },
    {
      "mode": "managed",
      "type": "random_string",
      "name": "unique",
      "provider": "provider[\"registry.terraform.io/hashicorp/random\"]",
      "instances": [
        {
          "schema_version": 2,
          "attributes": {
            "id": "9gcmo1",
            "keepers": null,
            "length": 6,
            "lower": true,
            "min_lower": 0,
            "min_numeric": 0,
            "min_special": 0,
            "min_upper": 0,
            "number": true,
            "numeric": true,
            "override_special": null,
            "result": "9gcmo1",
            "special": false,
            "upper": false
          },
          "sensitive_attributes": [],
          "identity_schema_version": 0
        }
      ]
    }
  ],
  "check_results": [
    {
      "object_kind": "var",
      "config_addr": "var.project",
      "status": "pass",
      "objects": [
        {
          "object_addr": "var.project",
          "status": "pass"
        }
      ]
    }
  ]
}
